// !$*UTF8*$!
{
	archiveVersion = 1;
	classes = {
	};
	objectVersion = 46;
	objects = {

/* Begin PBXBuildFile section */
		EF69A1381DF73E5B0063F341 /* Literal.m in Sources */ = {isa = PBXBuildFile; fileRef = EF69A1371DF73E5B0063F341 /* Literal.m */; };
		EF69A13C1DF75B030063F341 /* SyntacticAnalyzer.m in Sources */ = {isa = PBXBuildFile; fileRef = EF69A13B1DF75B030063F341 /* SyntacticAnalyzer.m */; };
		EF69A1401DF75C980063F341 /* OperationManager.m in Sources */ = {isa = PBXBuildFile; fileRef = EF69A13F1DF75C980063F341 /* OperationManager.m */; };
		EFE1B02D1DF34E600021997D /* AppDelegate.m in Sources */ = {isa = PBXBuildFile; fileRef = EFE1B02C1DF34E600021997D /* AppDelegate.m */; };
		EFE1B0301DF34E600021997D /* main.m in Sources */ = {isa = PBXBuildFile; fileRef = EFE1B02F1DF34E600021997D /* main.m */; };
		EFE1B0331DF34E600021997D /* ViewController.m in Sources */ = {isa = PBXBuildFile; fileRef = EFE1B0321DF34E600021997D /* ViewController.m */; };
		EFE1B0351DF34E600021997D /* Assets.xcassets in Resources */ = {isa = PBXBuildFile; fileRef = EFE1B0341DF34E600021997D /* Assets.xcassets */; };
		EFE1B0381DF34E600021997D /* Main.storyboard in Resources */ = {isa = PBXBuildFile; fileRef = EFE1B0361DF34E600021997D /* Main.storyboard */; };
		EFE1B0451DF3561C0021997D /* LexemViewController.m in Sources */ = {isa = PBXBuildFile; fileRef = EFE1B0441DF3561C0021997D /* LexemViewController.m */; };
		EFE1B04A1DF357590021997D /* LexicalAnalyzer.m in Sources */ = {isa = PBXBuildFile; fileRef = EFE1B0491DF357590021997D /* LexicalAnalyzer.m */; };
		EFE1B04E1DF41C020021997D /* Lexem.m in Sources */ = {isa = PBXBuildFile; fileRef = EFE1B04D1DF41C020021997D /* Lexem.m */; };
		EFE1B0531DF41D0A0021997D /* Keyword.m in Sources */ = {isa = PBXBuildFile; fileRef = EFE1B0521DF41D0A0021997D /* Keyword.m */; };
		EFE1B0571DF41D6E0021997D /* Variable.m in Sources */ = {isa = PBXBuildFile; fileRef = EFE1B0561DF41D6E0021997D /* Variable.m */; };
		EFE1B05B1DF41D930021997D /* Operator.m in Sources */ = {isa = PBXBuildFile; fileRef = EFE1B05A1DF41D930021997D /* Operator.m */; };
		EFE1B05F1DF41DAE0021997D /* Symbol.m in Sources */ = {isa = PBXBuildFile; fileRef = EFE1B05E1DF41DAE0021997D /* Symbol.m */; };
/* End PBXBuildFile section */

/* Begin PBXFileReference section */
		EF69A1361DF73E5B0063F341 /* Literal.h */ = {isa = PBXFileReference; fileEncoding = 4; lastKnownFileType = sourcecode.c.h; path = Literal.h; sourceTree = "<group>"; };
		EF69A1371DF73E5B0063F341 /* Literal.m */ = {isa = PBXFileReference; fileEncoding = 4; lastKnownFileType = sourcecode.c.objc; path = Literal.m; sourceTree = "<group>"; };
		EF69A13A1DF75B030063F341 /* SyntacticAnalyzer.h */ = {isa = PBXFileReference; fileEncoding = 4; lastKnownFileType = sourcecode.c.h; path = SyntacticAnalyzer.h; sourceTree = "<group>"; };
		EF69A13B1DF75B030063F341 /* SyntacticAnalyzer.m */ = {isa = PBXFileReference; fileEncoding = 4; lastKnownFileType = sourcecode.c.objc; path = SyntacticAnalyzer.m; sourceTree = "<group>"; };
		EF69A13E1DF75C980063F341 /* OperationManager.h */ = {isa = PBXFileReference; fileEncoding = 4; lastKnownFileType = sourcecode.c.h; path = OperationManager.h; sourceTree = "<group>"; };
		EF69A13F1DF75C980063F341 /* OperationManager.m */ = {isa = PBXFileReference; fileEncoding = 4; lastKnownFileType = sourcecode.c.objc; path = OperationManager.m; sourceTree = "<group>"; };
		EFE1B0281DF34E600021997D /* CompilerMacOS.app */ = {isa = PBXFileReference; explicitFileType = wrapper.application; includeInIndex = 0; path = CompilerMacOS.app; sourceTree = BUILT_PRODUCTS_DIR; };
		EFE1B02B1DF34E600021997D /* AppDelegate.h */ = {isa = PBXFileReference; lastKnownFileType = sourcecode.c.h; path = AppDelegate.h; sourceTree = "<group>"; };
		EFE1B02C1DF34E600021997D /* AppDelegate.m */ = {isa = PBXFileReference; lastKnownFileType = sourcecode.c.objc; path = AppDelegate.m; sourceTree = "<group>"; };
		EFE1B02F1DF34E600021997D /* main.m */ = {isa = PBXFileReference; lastKnownFileType = sourcecode.c.objc; path = main.m; sourceTree = "<group>"; };
		EFE1B0311DF34E600021997D /* ViewController.h */ = {isa = PBXFileReference; lastKnownFileType = sourcecode.c.h; path = ViewController.h; sourceTree = "<group>"; };
		EFE1B0321DF34E600021997D /* ViewController.m */ = {isa = PBXFileReference; lastKnownFileType = sourcecode.c.objc; path = ViewController.m; sourceTree = "<group>"; };
		EFE1B0341DF34E600021997D /* Assets.xcassets */ = {isa = PBXFileReference; lastKnownFileType = folder.assetcatalog; path = Assets.xcassets; sourceTree = "<group>"; };
		EFE1B0371DF34E600021997D /* Base */ = {isa = PBXFileReference; lastKnownFileType = file.storyboard; name = Base; path = Base.lproj/Main.storyboard; sourceTree = "<group>"; };
		EFE1B0391DF34E600021997D /* Info.plist */ = {isa = PBXFileReference; lastKnownFileType = text.plist.xml; path = Info.plist; sourceTree = "<group>"; };
		EFE1B0431DF3561C0021997D /* LexemViewController.h */ = {isa = PBXFileReference; fileEncoding = 4; lastKnownFileType = sourcecode.c.h; path = LexemViewController.h; sourceTree = "<group>"; };
		EFE1B0441DF3561C0021997D /* LexemViewController.m */ = {isa = PBXFileReference; fileEncoding = 4; lastKnownFileType = sourcecode.c.objc; path = LexemViewController.m; sourceTree = "<group>"; };
		EFE1B0481DF357590021997D /* LexicalAnalyzer.h */ = {isa = PBXFileReference; fileEncoding = 4; lastKnownFileType = sourcecode.c.h; path = LexicalAnalyzer.h; sourceTree = "<group>"; };
		EFE1B0491DF357590021997D /* LexicalAnalyzer.m */ = {isa = PBXFileReference; fileEncoding = 4; lastKnownFileType = sourcecode.c.objc; path = LexicalAnalyzer.m; sourceTree = "<group>"; };
		EFE1B04C1DF41C020021997D /* Lexem.h */ = {isa = PBXFileReference; fileEncoding = 4; lastKnownFileType = sourcecode.c.h; path = Lexem.h; sourceTree = "<group>"; };
		EFE1B04D1DF41C020021997D /* Lexem.m */ = {isa = PBXFileReference; fileEncoding = 4; lastKnownFileType = sourcecode.c.objc; path = Lexem.m; sourceTree = "<group>"; };
		EFE1B0511DF41D0A0021997D /* Keyword.h */ = {isa = PBXFileReference; fileEncoding = 4; lastKnownFileType = sourcecode.c.h; path = Keyword.h; sourceTree = "<group>"; };
		EFE1B0521DF41D0A0021997D /* Keyword.m */ = {isa = PBXFileReference; fileEncoding = 4; lastKnownFileType = sourcecode.c.objc; path = Keyword.m; sourceTree = "<group>"; };
		EFE1B0551DF41D6E0021997D /* Variable.h */ = {isa = PBXFileReference; fileEncoding = 4; lastKnownFileType = sourcecode.c.h; path = Variable.h; sourceTree = "<group>"; };
		EFE1B0561DF41D6E0021997D /* Variable.m */ = {isa = PBXFileReference; fileEncoding = 4; lastKnownFileType = sourcecode.c.objc; path = Variable.m; sourceTree = "<group>"; };
		EFE1B0591DF41D930021997D /* Operator.h */ = {isa = PBXFileReference; fileEncoding = 4; lastKnownFileType = sourcecode.c.h; path = Operator.h; sourceTree = "<group>"; };
		EFE1B05A1DF41D930021997D /* Operator.m */ = {isa = PBXFileReference; fileEncoding = 4; lastKnownFileType = sourcecode.c.objc; path = Operator.m; sourceTree = "<group>"; };
		EFE1B05D1DF41DAE0021997D /* Symbol.h */ = {isa = PBXFileReference; fileEncoding = 4; lastKnownFileType = sourcecode.c.h; path = Symbol.h; sourceTree = "<group>"; };
		EFE1B05E1DF41DAE0021997D /* Symbol.m */ = {isa = PBXFileReference; fileEncoding = 4; lastKnownFileType = sourcecode.c.objc; path = Symbol.m; sourceTree = "<group>"; };
/* End PBXFileReference section */

/* Begin PBXFrameworksBuildPhase section */
		EFE1B0251DF34E600021997D /* Frameworks */ = {
			isa = PBXFrameworksBuildPhase;
			buildActionMask = 2147483647;
			files = (
			);
			runOnlyForDeploymentPostprocessing = 0;
		};
/* End PBXFrameworksBuildPhase section */

/* Begin PBXGroup section */
		EF69A1391DF73E670063F341 /* Literal */ = {
			isa = PBXGroup;
			children = (
				EF69A1361DF73E5B0063F341 /* Literal.h */,
				EF69A1371DF73E5B0063F341 /* Literal.m */,
			);
			name = Literal;
			sourceTree = "<group>";
		};
		EF69A13D1DF75B080063F341 /* SyntecticAnalyzer */ = {
			isa = PBXGroup;
			children = (
				EF69A13A1DF75B030063F341 /* SyntacticAnalyzer.h */,
				EF69A13B1DF75B030063F341 /* SyntacticAnalyzer.m */,
			);
			name = SyntecticAnalyzer;
			sourceTree = "<group>";
		};
		EF69A1411DF75C9C0063F341 /* OperationManager */ = {
			isa = PBXGroup;
			children = (
				EF69A13E1DF75C980063F341 /* OperationManager.h */,
				EF69A13F1DF75C980063F341 /* OperationManager.m */,
			);
			name = OperationManager;
			sourceTree = "<group>";
		};
		EFE1B01F1DF34E600021997D = {
			isa = PBXGroup;
			children = (
				EFE1B02A1DF34E600021997D /* CompilerMacOS */,
				EFE1B0291DF34E600021997D /* Products */,
			);
			sourceTree = "<group>";
		};
		EFE1B0291DF34E600021997D /* Products */ = {
			isa = PBXGroup;
			children = (
				EFE1B0281DF34E600021997D /* CompilerMacOS.app */,
			);
			name = Products;
			sourceTree = "<group>";
		};
		EFE1B02A1DF34E600021997D /* CompilerMacOS */ = {
			isa = PBXGroup;
			children = (
				EFE1B0601DF41DB30021997D /* LexemModels */,
				EFE1B0471DF356320021997D /* LexemViewController */,
				EFE1B0421DF355D10021997D /* LexicalAnalyzer */,
				EF69A13D1DF75B080063F341 /* SyntecticAnalyzer */,
				EF69A1411DF75C9C0063F341 /* OperationManager */,
				EFE1B02B1DF34E600021997D /* AppDelegate.h */,
				EFE1B02C1DF34E600021997D /* AppDelegate.m */,
				EFE1B0311DF34E600021997D /* ViewController.h */,
				EFE1B0321DF34E600021997D /* ViewController.m */,
				EFE1B0361DF34E600021997D /* Main.storyboard */,
				EFE1B02E1DF34E600021997D /* Supporting Files */,
			);
			path = CompilerMacOS;
			sourceTree = "<group>";
		};
		EFE1B02E1DF34E600021997D /* Supporting Files */ = {
			isa = PBXGroup;
			children = (
				EFE1B0341DF34E600021997D /* Assets.xcassets */,
				EFE1B0391DF34E600021997D /* Info.plist */,
				EFE1B02F1DF34E600021997D /* main.m */,
			);
			name = "Supporting Files";
			sourceTree = "<group>";
		};
		EFE1B0421DF355D10021997D /* LexicalAnalyzer */ = {
			isa = PBXGroup;
			children = (
				EFE1B0481DF357590021997D /* LexicalAnalyzer.h */,
				EFE1B0491DF357590021997D /* LexicalAnalyzer.m */,
			);
			name = LexicalAnalyzer;
			sourceTree = "<group>";
		};
		EFE1B0471DF356320021997D /* LexemViewController */ = {
			isa = PBXGroup;
			children = (
				EFE1B0431DF3561C0021997D /* LexemViewController.h */,
				EFE1B0441DF3561C0021997D /* LexemViewController.m */,
			);
			name = LexemViewController;
			sourceTree = "<group>";
		};
		EFE1B04F1DF41CCF0021997D /* Lexem */ = {
			isa = PBXGroup;
			children = (
				EFE1B04C1DF41C020021997D /* Lexem.h */,
				EFE1B04D1DF41C020021997D /* Lexem.m */,
			);
			name = Lexem;
			sourceTree = "<group>";
		};
		EFE1B0501DF41CDC0021997D /* Keyword */ = {
			isa = PBXGroup;
			children = (
				EFE1B0511DF41D0A0021997D /* Keyword.h */,
				EFE1B0521DF41D0A0021997D /* Keyword.m */,
			);
			name = Keyword;
			sourceTree = "<group>";
		};
		EFE1B0541DF41D350021997D /* Variable */ = {
			isa = PBXGroup;
			children = (
				EFE1B0551DF41D6E0021997D /* Variable.h */,
				EFE1B0561DF41D6E0021997D /* Variable.m */,
			);
			name = Variable;
			sourceTree = "<group>";
		};
		EFE1B0581DF41D820021997D /* Operator */ = {
			isa = PBXGroup;
			children = (
				EFE1B0591DF41D930021997D /* Operator.h */,
				EFE1B05A1DF41D930021997D /* Operator.m */,
			);
			name = Operator;
			sourceTree = "<group>";
		};
		EFE1B05C1DF41D9A0021997D /* Symbol */ = {
			isa = PBXGroup;
			children = (
				EFE1B05D1DF41DAE0021997D /* Symbol.h */,
				EFE1B05E1DF41DAE0021997D /* Symbol.m */,
			);
			name = Symbol;
			sourceTree = "<group>";
		};
		EFE1B0601DF41DB30021997D /* LexemModels */ = {
			isa = PBXGroup;
			children = (
				EF69A1391DF73E670063F341 /* Literal */,
				EFE1B0501DF41CDC0021997D /* Keyword */,
				EFE1B0541DF41D350021997D /* Variable */,
				EFE1B0581DF41D820021997D /* Operator */,
				EFE1B05C1DF41D9A0021997D /* Symbol */,
				EFE1B04F1DF41CCF0021997D /* Lexem */,
			);
			name = LexemModels;
			sourceTree = "<group>";
		};
/* End PBXGroup section */

/* Begin PBXNativeTarget section */
		EFE1B0271DF34E600021997D /* CompilerMacOS */ = {
			isa = PBXNativeTarget;
			buildConfigurationList = EFE1B03C1DF34E600021997D /* Build configuration list for PBXNativeTarget "CompilerMacOS" */;
			buildPhases = (
				EFE1B0241DF34E600021997D /* Sources */,
				EFE1B0251DF34E600021997D /* Frameworks */,
				EFE1B0261DF34E600021997D /* Resources */,
			);
			buildRules = (
			);
			dependencies = (
			);
			name = CompilerMacOS;
			productName = CompilerMacOS;
			productReference = EFE1B0281DF34E600021997D /* CompilerMacOS.app */;
			productType = "com.apple.product-type.application";
		};
/* End PBXNativeTarget section */

/* Begin PBXProject section */
		EFE1B0201DF34E600021997D /* Project object */ = {
			isa = PBXProject;
			attributes = {
				LastUpgradeCheck = 0810;
				ORGANIZATIONNAME = "Vitaliy Yarkun";
				TargetAttributes = {
					EFE1B0271DF34E600021997D = {
						CreatedOnToolsVersion = 8.1;
						DevelopmentTeam = Q9XY29X7Y2;
						ProvisioningStyle = Automatic;
					};
				};
			};
			buildConfigurationList = EFE1B0231DF34E600021997D /* Build configuration list for PBXProject "CompilerMacOS" */;
			compatibilityVersion = "Xcode 3.2";
			developmentRegion = English;
			hasScannedForEncodings = 0;
			knownRegions = (
				en,
				Base,
			);
			mainGroup = EFE1B01F1DF34E600021997D;
			productRefGroup = EFE1B0291DF34E600021997D /* Products */;
			projectDirPath = "";
			projectRoot = "";
			targets = (
				EFE1B0271DF34E600021997D /* CompilerMacOS */,
			);
		};
/* End PBXProject section */

/* Begin PBXResourcesBuildPhase section */
		EFE1B0261DF34E600021997D /* Resources */ = {
			isa = PBXResourcesBuildPhase;
			buildActionMask = 2147483647;
			files = (
				EFE1B0351DF34E600021997D /* Assets.xcassets in Resources */,
				EFE1B0381DF34E600021997D /* Main.storyboard in Resources */,
			);
			runOnlyForDeploymentPostprocessing = 0;
		};
/* End PBXResourcesBuildPhase section */

/* Begin PBXSourcesBuildPhase section */
		EFE1B0241DF34E600021997D /* Sources */ = {
			isa = PBXSourcesBuildPhase;
			buildActionMask = 2147483647;
			files = (
				EFE1B0331DF34E600021997D /* ViewController.m in Sources */,
				EFE1B05F1DF41DAE0021997D /* Symbol.m in Sources */,
				EFE1B04A1DF357590021997D /* LexicalAnalyzer.m in Sources */,
				EF69A1381DF73E5B0063F341 /* Literal.m in Sources */,
				EF69A1401DF75C980063F341 /* OperationManager.m in Sources */,
				EFE1B0301DF34E600021997D /* main.m in Sources */,
				EFE1B0571DF41D6E0021997D /* Variable.m in Sources */,
				EF69A13C1DF75B030063F341 /* SyntacticAnalyzer.m in Sources */,
				EFE1B04E1DF41C020021997D /* Lexem.m in Sources */,
				EFE1B0451DF3561C0021997D /* LexemViewController.m in Sources */,
				EFE1B02D1DF34E600021997D /* AppDelegate.m in Sources */,
				EFE1B05B1DF41D930021997D /* Operator.m in Sources */,
				EFE1B0531DF41D0A0021997D /* Keyword.m in Sources */,
			);
			runOnlyForDeploymentPostprocessing = 0;
		};
/* End PBXSourcesBuildPhase section */

/* Begin PBXVariantGroup section */
		EFE1B0361DF34E600021997D /* Main.storyboard */ = {
			isa = PBXVariantGroup;
			children = (
				EFE1B0371DF34E600021997D /* Base */,
			);
			name = Main.storyboard;
			sourceTree = "<group>";
		};
/* End PBXVariantGroup section */

/* Begin XCBuildConfiguration section */
		EFE1B03A1DF34E600021997D /* Debug */ = {
			isa = XCBuildConfiguration;
			buildSettings = {
				ALWAYS_SEARCH_USER_PATHS = NO;
				CLANG_ANALYZER_NONNULL = YES;
				CLANG_CXX_LANGUAGE_STANDARD = "gnu++0x";
				CLANG_CXX_LIBRARY = "libc++";
				CLANG_ENABLE_MODULES = YES;
				CLANG_ENABLE_OBJC_ARC = YES;
				CLANG_WARN_BOOL_CONVERSION = YES;
				CLANG_WARN_CONSTANT_CONVERSION = YES;
				CLANG_WARN_DIRECT_OBJC_ISA_USAGE = YES_ERROR;
				CLANG_WARN_DOCUMENTATION_COMMENTS = YES;
				CLANG_WARN_EMPTY_BODY = YES;
				CLANG_WARN_ENUM_CONVERSION = YES;
				CLANG_WARN_INFINITE_RECURSION = YES;
				CLANG_WARN_INT_CONVERSION = YES;
				CLANG_WARN_OBJC_ROOT_CLASS = YES_ERROR;
				CLANG_WARN_SUSPICIOUS_MOVES = YES;
				CLANG_WARN_UNREACHABLE_CODE = YES;
				CLANG_WARN__DUPLICATE_METHOD_MATCH = YES;
				CODE_SIGN_IDENTITY = "-";
				COPY_PHASE_STRIP = NO;
				DEBUG_INFORMATION_FORMAT = dwarf;
				ENABLE_STRICT_OBJC_MSGSEND = YES;
				ENABLE_TESTABILITY = YES;
				GCC_C_LANGUAGE_STANDARD = gnu99;
				GCC_DYNAMIC_NO_PIC = NO;
				GCC_NO_COMMON_BLOCKS = YES;
				GCC_OPTIMIZATION_LEVEL = 0;
				GCC_PREPROCESSOR_DEFINITIONS = (
					"DEBUG=1",
					"$(inherited)",
				);
				GCC_WARN_64_TO_32_BIT_CONVERSION = YES;
				GCC_WARN_ABOUT_RETURN_TYPE = YES_ERROR;
				GCC_WARN_UNDECLARED_SELECTOR = YES;
				GCC_WARN_UNINITIALIZED_AUTOS = YES_AGGRESSIVE;
				GCC_WARN_UNUSED_FUNCTION = YES;
				GCC_WARN_UNUSED_VARIABLE = YES;
				MACOSX_DEPLOYMENT_TARGET = 10.11;
				MTL_ENABLE_DEBUG_INFO = YES;
				ONLY_ACTIVE_ARCH = YES;
				SDKROOT = macosx;
			};
			name = Debug;
		};
		EFE1B03B1DF34E600021997D /* Release */ = {
			isa = XCBuildConfiguration;
			buildSettings = {
				ALWAYS_SEARCH_USER_PATHS = NO;
				CLANG_ANALYZER_NONNULL = YES;
				CLANG_CXX_LANGUAGE_STANDARD = "gnu++0x";
				CLANG_CXX_LIBRARY = "libc++";
				CLANG_ENABLE_MODULES = YES;
				CLANG_ENABLE_OBJC_ARC = YES;
				CLANG_WARN_BOOL_CONVERSION = YES;
				CLANG_WARN_CONSTANT_CONVERSION = YES;
				CLANG_WARN_DIRECT_OBJC_ISA_USAGE = YES_ERROR;
				CLANG_WARN_DOCUMENTATION_COMMENTS = YES;
				CLANG_WARN_EMPTY_BODY = YES;
				CLANG_WARN_ENUM_CONVERSION = YES;
				CLANG_WARN_INFINITE_RECURSION = YES;
				CLANG_WARN_INT_CONVERSION = YES;
				CLANG_WARN_OBJC_ROOT_CLASS = YES_ERROR;
				CLANG_WARN_SUSPICIOUS_MOVES = YES;
				CLANG_WARN_UNREACHABLE_CODE = YES;
				CLANG_WARN__DUPLICATE_METHOD_MATCH = YES;
				CODE_SIGN_IDENTITY = "-";
				COPY_PHASE_STRIP = NO;
				DEBUG_INFORMATION_FORMAT = "dwarf-with-dsym";
				ENABLE_NS_ASSERTIONS = NO;
				ENABLE_STRICT_OBJC_MSGSEND = YES;
				GCC_C_LANGUAGE_STANDARD = gnu99;
				GCC_NO_COMMON_BLOCKS = YES;
				GCC_WARN_64_TO_32_BIT_CONVERSION = YES;
				GCC_WARN_ABOUT_RETURN_TYPE = YES_ERROR;
				GCC_WARN_UNDECLARED_SELECTOR = YES;
				GCC_WARN_UNINITIALIZED_AUTOS = YES_AGGRESSIVE;
				GCC_WARN_UNUSED_FUNCTION = YES;
				GCC_WARN_UNUSED_VARIABLE = YES;
				MACOSX_DEPLOYMENT_TARGET = 10.11;
				MTL_ENABLE_DEBUG_INFO = NO;
				SDKROOT = macosx;
			};
			name = Release;
		};
		EFE1B03D1DF34E600021997D /* Debug */ = {
			isa = XCBuildConfiguration;
			buildSettings = {
				ASSETCATALOG_COMPILER_APPICON_NAME = AppIcon;
				COMBINE_HIDPI_IMAGES = YES;
				DEVELOPMENT_TEAM = Q9XY29X7Y2;
				INFOPLIST_FILE = CompilerMacOS/Info.plist;
				LD_RUNPATH_SEARCH_PATHS = "$(inherited) @executable_path/../Frameworks";
				PRODUCT_BUNDLE_IDENTIFIER = com.vitaliyyarkun.CompilerMacOS;
				PRODUCT_NAME = "$(TARGET_NAME)";
			};
			name = Debug;
		};
		EFE1B03E1DF34E600021997D /* Release */ = {
			isa = XCBuildConfiguration;
			buildSettings = {
				ASSETCATALOG_COMPILER_APPICON_NAME = AppIcon;
				COMBINE_HIDPI_IMAGES = YES;
				DEVELOPMENT_TEAM = Q9XY29X7Y2;
				INFOPLIST_FILE = CompilerMacOS/Info.plist;
				LD_RUNPATH_SEARCH_PATHS = "$(inherited) @executable_path/../Frameworks";
				PRODUCT_BUNDLE_IDENTIFIER = com.vitaliyyarkun.CompilerMacOS;
				PRODUCT_NAME = "$(TARGET_NAME)";
			};
			name = Release;
		};
/* End XCBuildConfiguration section */

/* Begin XCConfigurationList section */
		EFE1B0231DF34E600021997D /* Build configuration list for PBXProject "CompilerMacOS" */ = {
			isa = XCConfigurationList;
			buildConfigurations = (
				EFE1B03A1DF34E600021997D /* Debug */,
				EFE1B03B1DF34E600021997D /* Release */,
			);
			defaultConfigurationIsVisible = 0;
			defaultConfigurationName = Release;
		};
		EFE1B03C1DF34E600021997D /* Build configuration list for PBXNativeTarget "CompilerMacOS" */ = {
			isa = XCConfigurationList;
			buildConfigurations = (
				EFE1B03D1DF34E600021997D /* Debug */,
				EFE1B03E1DF34E600021997D /* Release */,
			);
			defaultConfigurationIsVisible = 0;
			defaultConfigurationName = Release;
		};
/* End XCConfigurationList section */
	};
	rootObject = EFE1B0201DF34E600021997D /* Project object */;
}
